<?xml version="1.0" encoding="utf-8"?>
<Project ToolsVersion="4.0" xmlns="http://schemas.microsoft.com/developer/msbuild/2003">
  <ItemGroup>
    <Filter Include="Archivos de código fuente">
      <UniqueIdentifier>{4FC737F1-C7A5-4376-A066-2A32D752A2FF}</UniqueIdentifier>
      <Extensions>cpp;c;cc;cxx;def;odl;idl;hpj;bat;asm;asmx</Extensions>
    </Filter>
    <Filter Include="Archivos de encabezado">
      <UniqueIdentifier>{93995380-89BD-4b04-88EB-625FBE52EBFB}</UniqueIdentifier>
      <Extensions>h;hh;hpp;hxx;hm;inl;inc;xsd</Extensions>
    </Filter>
    <Filter Include="Archivos de recursos">
      <UniqueIdentifier>{67DA6AB6-F800-4c08-8B7A-83BB121AAD01}</UniqueIdentifier>
      <Extensions>rc;ico;cur;bmp;dlg;rc2;rct;bin;rgs;gif;jpg;jpeg;jpe;resx;tiff;tif;png;wav;mfcribbon-ms</Extensions>
    </Filter>
    <Filter Include="Archivos de código fuente\src">
      <UniqueIdentifier>{a1e4bba8-0543-4080-b6c9-87b4d877d0f9}</UniqueIdentifier>
    </Filter>
    <Filter Include="Archivos de recursos\sonds">
      <UniqueIdentifier>{f2e43b8b-0db6-463a-bc71-a8e80a32af61}</UniqueIdentifier>
    </Filter>
    <Filter Include="Archivos de recursos\images">
      <UniqueIdentifier>{99ca1ac9-4044-4029-a9f9-91320e5cc7be}</UniqueIdentifier>
    </Filter>
  </ItemGroup>
  <ItemGroup>
    <None Include="packages.config" />
  </ItemGroup>
  <ItemGroup>
    <ClCompile Include="Source.c">
      <Filter>Archivos de código fuente\src</Filter>
    </ClCompile>
  </ItemGroup>
  <ItemGroup>
    <Image Include="images\_b1.png">
      <Filter>Archivos de recursos\images</Filter>
    </Image>
    <Image Include="images\_b2.png">
      <Filter>Archivos de recursos\images</Filter>
    </Image>
    <Image Include="images\_b3.png">
      <Filter>Archivos de recursos\images</Filter>
    </Image>
    <Image Include="images\_e1.png">
      <Filter>Archivos de recursos\images</Filter>
    </Image>
    <Image Include="images\_e2.png">
      <Filter>Archivos de recursos\images</Filter>
    </Image>
    <Image Include="images\_play.png">
      <Filter>Archivos de recursos\images</Filter>
    </Image>
    <Image Include="images\b1.png">
      <Filter>Archivos de recursos\images</Filter>
    </Image>
    <Image Include="images\b2.png">
      <Filter>Archivos de recursos\images</Filter>
    </Image>
    <Image Include="images\b3.png">
      <Filter>Archivos de recursos\images</Filter>
    </Image>
    <Image Include="images\bull_1.png">
      <Filter>Archivos de recursos\images</Filter>
    </Image>
    <Image Include="images\bull_2.png">
      <Filter>Archivos de recursos\images</Filter>
    </Image>
    <Image Include="images\bull_3.png">
      <Filter>Archivos de recursos\images</Filter>
    </Image>
    <Image Include="images\bull_4.png">
      <Filter>Archivos de recursos\images</Filter>
    </Image>
    <Image Include="images\e1.png">
      <Filter>Archivos de recursos\images</Filter>
    </Image>
    <Image Include="images\e2.png">
      <Filter>Archivos de recursos\images</Filter>
    </Image>
    <Image Include="image2.png">
      <Filter>Archivos de recursos\images</Filter>
    </Image>
    <Image Include="images\play.png">
      <Filter>Archivos de recursos\images</Filter>
    </Image>
    <Image Include="images\SPRITES.png">
      <Filter>Archivos de recursos\images</Filter>
    </Image>
  </ItemGroup>
  <ItemGroup>
    <ClInclude Include="LinkedList.h">
      <Filter>Archivos de código fuente\src</Filter>
    </ClInclude>
    <ClInclude Include="Constants.h">
      <Filter>Archivos de código fuente\src</Filter>
    </ClInclude>
    <ClInclude Include="Physics.h">
      <Filter>Archivos de código fuente\src</Filter>
    </ClInclude>
    <ClInclude Include="Intelligence.h">
      <Filter>Archivos de código fuente\src</Filter>
    </ClInclude>
  </ItemGroup>
  <ItemGroup>
    <Media Include="sounds\las0.wav">
      <Filter>Archivos de recursos\sonds</Filter>
    </Media>
    <Media Include="sounds\las1.mp3">
      <Filter>Archivos de recursos\sonds</Filter>
    </Media>
    <Media Include="sounds\exp0.mp3">
      <Filter>Archivos de recursos\sonds</Filter>
    </Media>
    <Media Include="sounds\exp1.mp3">
      <Filter>Archivos de recursos\sonds</Filter>
    </Media>
  </ItemGroup>
</Project>